---
- !ruby/object:MultiRepo::LockEntry
  name: git-multirepo-dummy
  id: e27695e9-e21d-4ad1-81b8-0ed587574c38
  head: a2ed3d579cbcf1e92400f8979b9f8ad9e2908a67
  branch: master
- !ruby/object:MultiRepo::LockEntry
  name: git-multirepo-dummy-dep1
  id: dcb567d6-7456-494a-b7b5-adc208a87f2f
  head: 90a6886a8fa7d3d3a8d2a203149d85371d440c87
  branch: master
- !ruby/object:MultiRepo::LockEntry
  name: git-multirepo-dummy-dep2
  id: e0dc3ed7-4b6b-4052-8783-668b405e4941
  head: 1b8465fcd4f9e5821640bb45ad8c22c960b64517
  branch: master
- !ruby/object:MultiRepo::LockEntry
  name: git-multirepo-migrations
  id: ad6472a5-7238-447f-a54e-50f50197e21e
  head: 15ee465101c368193a052cd1f5b0c5accc6fb9fa
  branch: master
- !ruby/object:MultiRepo::LockEntry
  name: git-multirepo.gh-pages
  id: 6575a4fd-fe53-4c7b-bb79-bc6412df18e3
  head: e73bbaa0b3de97b1a2aea223d6f69f5e31ceb285
  branch: gh-pages
