---
- !ruby/object:MultiRepo::LockEntry
  name: git-multirepo-dummy
  id: e27695e9-e21d-4ad1-81b8-0ed587574c38
  head: 5ab127fbd6a615eb225557cb9e3203d5301d6a42
  branch: master
- !ruby/object:MultiRepo::LockEntry
  name: git-multirepo-dummy-dep1
  id: dcb567d6-7456-494a-b7b5-adc208a87f2f
  head: e906c3c87cbade5837b014b48ef9922f58c94fbb
  branch: master
- !ruby/object:MultiRepo::LockEntry
  name: git-multirepo-dummy-dep2
  id: e0dc3ed7-4b6b-4052-8783-668b405e4941
  head: 1b8465fcd4f9e5821640bb45ad8c22c960b64517
  branch: master
